
Microsoft Visual Studio Solution File, Format Version 12.00
# Visual Studio Version 17
VisualStudioVersion = 17.0.32014.148
MinimumVisualStudioVersion = 10.0.40219.1
Project("{8BC9CEB8-8B4A-11D0-8D11-00A0C91BC942}") = "rvx-toolkit", "rvx-toolkit.vcxproj", "{9F35977C-8B6C-980D-3459-7E10206F140F}"
EndProject
Global
	GlobalSection(SolutionConfigurationPlatforms) = preSolution
		Debug|x64 = Debug|x64
		Debug|x86 = Debug|x86
		Release|x64 = Release|x64
		Release|x86 = Release|x86
	EndGlobalSection
	GlobalSection(ProjectConfigurationPlatforms) = postSolution
		{9F35977C-8B6C-980D-3459-7E10206F140F}.Debug|x64.ActiveCfg = Debug|x64
		{9F35977C-8B6C-980D-3459-7E10206F140F}.Debug|x64.Build.0 = Debug|x64
		{9F35977C-8B6C-980D-3459-7E10206F140F}.Debug|x86.ActiveCfg = Debug|x64
		{9F35977C-8B6C-980D-3459-7E10206F140F}.Debug|x86.Build.0 = Debug|x64
		{9F35977C-8B6C-980D-3459-7E10206F140F}.Release|x64.ActiveCfg = Release|x64
		{9F35977C-8B6C-980D-3459-7E10206F140F}.Release|x64.Build.0 = Release|x64
		{9F35977C-8B6C-980D-3459-7E10206F140F}.Release|x86.ActiveCfg = Release|x64
		{9F35977C-8B6C-980D-3459-7E10206F140F}.Release|x86.Build.0 = Release|x64
	EndGlobalSection
	GlobalSection(SolutionProperties) = preSolution
		HideSolutionNode = FALSE
	EndGlobalSection
	GlobalSection(ExtensibilityGlobals) = postSolution
		SolutionGuid = {E8F2D820-A8BF-4D3E-B587-1BF6B2055D67}
	EndGlobalSection
EndGlobal
